
Microsoft Visual Studio Solution File, Format Version 11.00
# Visual Studio 2010
Project("{FAE04EC0-301F-11D3-BF4B-00C04F79EFBC}") = "Assembly-CSharp", "Assembly-CSharp.csproj", "{34B54EC6-C68D-57F0-587D-D504774A234A}"
EndProject
Global
	GlobalSection(SolutionConfigurationPlatforms) = preSolution
		Debug|Any CPU = Debug|Any CPU
		Release|Any CPU = Release|Any CPU
	EndGlobalSection
	GlobalSection(ProjectConfigurationPlatforms) = postSolution
		{34B54EC6-C68D-57F0-587D-D504774A234A}.Debug|Any CPU.ActiveCfg = Debug|Any CPU
		{34B54EC6-C68D-57F0-587D-D504774A234A}.Debug|Any CPU.Build.0 = Debug|Any CPU
		{34B54EC6-C68D-57F0-587D-D504774A234A}.Release|Any CPU.ActiveCfg = Release|Any CPU
		{34B54EC6-C68D-57F0-587D-D504774A234A}.Release|Any CPU.Build.0 = Release|Any CPU
	EndGlobalSection
	GlobalSection(SolutionProperties) = preSolution
		HideSolutionNode = FALSE
	EndGlobalSection
EndGlobal
